
Microsoft Visual Studio Solution File, Format Version 11.00
# Visual Studio 2010
# SharpDevelop 5.1
Project("{FAE04EC0-301F-11D3-BF4B-00C04F79EFBC}") = "ProjeckEditor", "ProjeckEditor\ProjeckEditor.csproj", "{5C81070B-F5E5-4D86-9FE3-F265ED43BD1C}"
EndProject
Project("{FAE04EC0-301F-11D3-BF4B-00C04F79EFBC}") = "funcTest", "funcTest\funcTest.csproj", "{F3148FD9-7D34-4AF3-BD4B-A32BBC9C090D}"
EndProject
Global
	GlobalSection(SolutionConfigurationPlatforms) = preSolution
		Debug|Any CPU = Debug|Any CPU
		Release|Any CPU = Release|Any CPU
	EndGlobalSection
	GlobalSection(ProjectConfigurationPlatforms) = postSolution
		{5C81070B-F5E5-4D86-9FE3-F265ED43BD1C}.Debug|Any CPU.ActiveCfg = Debug|Any CPU
		{5C81070B-F5E5-4D86-9FE3-F265ED43BD1C}.Debug|Any CPU.Build.0 = Debug|Any CPU
		{5C81070B-F5E5-4D86-9FE3-F265ED43BD1C}.Release|Any CPU.ActiveCfg = Release|Any CPU
		{5C81070B-F5E5-4D86-9FE3-F265ED43BD1C}.Release|Any CPU.Build.0 = Release|Any CPU
		{F3148FD9-7D34-4AF3-BD4B-A32BBC9C090D}.Debug|Any CPU.ActiveCfg = Debug|Any CPU
		{F3148FD9-7D34-4AF3-BD4B-A32BBC9C090D}.Debug|Any CPU.Build.0 = Debug|Any CPU
		{F3148FD9-7D34-4AF3-BD4B-A32BBC9C090D}.Release|Any CPU.ActiveCfg = Release|Any CPU
		{F3148FD9-7D34-4AF3-BD4B-A32BBC9C090D}.Release|Any CPU.Build.0 = Release|Any CPU
	EndGlobalSection
EndGlobal
